
Microsoft Visual Studio Solution File, Format Version 12.00
# Visual Studio 15
VisualStudioVersion = 15.0.27703.2018
MinimumVisualStudioVersion = 10.0.40219.1
Project("{FAE04EC0-301F-11D3-BF4B-00C04F79EFBC}") = "assessment", "assessment\assessment.csproj", "{1B2A095B-BC37-4F61-A381-1A6696A3844C}"
EndProject
Global
	GlobalSection(SolutionConfigurationPlatforms) = preSolution
		Debug|Any CPU = Debug|Any CPU
		Release|Any CPU = Release|Any CPU
	EndGlobalSection
	GlobalSection(ProjectConfigurationPlatforms) = postSolution
		{1B2A095B-BC37-4F61-A381-1A6696A3844C}.Debug|Any CPU.ActiveCfg = Debug|Any CPU
		{1B2A095B-BC37-4F61-A381-1A6696A3844C}.Debug|Any CPU.Build.0 = Debug|Any CPU
		{1B2A095B-BC37-4F61-A381-1A6696A3844C}.Release|Any CPU.ActiveCfg = Release|Any CPU
		{1B2A095B-BC37-4F61-A381-1A6696A3844C}.Release|Any CPU.Build.0 = Release|Any CPU
	EndGlobalSection
	GlobalSection(SolutionProperties) = preSolution
		HideSolutionNode = FALSE
	EndGlobalSection
	GlobalSection(ExtensibilityGlobals) = postSolution
		SolutionGuid = {1866073F-8A4A-48AA-A59F-38D2B95AC5C7}
	EndGlobalSection
EndGlobal
